{
	"name": "svelte-test",
	"version": "0.0.1",
	"lockfileVersion": 3,
	"requires": true,
	"packages": {
		"": {
			"name": "svelte-test",
			"version": "0.0.1",
			"dependencies": {
				"sqlite-worker": "../pkg/sqlite-worker-0.1.0.tgz"
			},
			"devDependencies": {
				"@sveltejs/adapter-auto": "^6.0.0",
				"@sveltejs/kit": "^2.22.0",
				"@sveltejs/vite-plugin-svelte": "^6.0.0",
				"@vitest/browser": "^2.0.0",
				"@vitest/ui": "^2.1.9",
				"playwright": "^1.40.0",
				"svelte": "^5.0.0",
				"svelte-check": "^4.0.0",
				"typescript": "^5.0.0",
				"vite": "^7.0.4",
				"vitest": "^2.0.0"
			}
		},
		"node_modules/@ampproject/remapping": {
			"version": "2.3.0",
			"dev": true,
			"license": "Apache-2.0",
			"dependencies": {
				"@jridgewell/gen-mapping": "^0.3.5",
				"@jridgewell/trace-mapping": "^0.3.24"
			},
			"engines": {
				"node": ">=6.0.0"
			}
		},
		"node_modules/@babel/code-frame": {
			"version": "7.27.1",
			"dev": true,
			"license": "MIT",
			"dependencies": {
				"@babel/helper-validator-identifier": "^7.27.1",
				"js-tokens": "^4.0.0",
				"picocolors": "^1.1.1"
			},
			"engines": {
				"node": ">=6.9.0"
			}
		},
		"node_modules/@babel/helper-validator-identifier": {
			"version": "7.27.1",
			"dev": true,
			"license": "MIT",
			"engines": {
				"node": ">=6.9.0"
			}
		},
		"node_modules/@babel/runtime": {
			"version": "7.28.2",
			"dev": true,
			"license": "MIT",
			"engines": {
				"node": ">=6.9.0"
			}
		},
		"node_modules/@bundled-es-modules/cookie": {
			"version": "2.0.1",
			"dev": true,
			"license": "ISC",
			"dependencies": {
				"cookie": "^0.7.2"
			}
		},
		"node_modules/@bundled-es-modules/cookie/node_modules/cookie": {
			"version": "0.7.2",
			"dev": true,
			"license": "MIT",
			"engines": {
				"node": ">= 0.6"
			}
		},
		"node_modules/@bundled-es-modules/statuses": {
			"version": "1.0.1",
			"dev": true,
			"license": "ISC",
			"dependencies": {
				"statuses": "^2.0.1"
			}
		},
		"node_modules/@bundled-es-modules/tough-cookie": {
			"version": "0.1.6",
			"dev": true,
			"license": "ISC",
			"dependencies": {
				"@types/tough-cookie": "^4.0.5",
				"tough-cookie": "^4.1.4"
			}
		},
		"node_modules/@esbuild/darwin-arm64": {
			"version": "0.25.8",
			"cpu": [
				"arm64"
			],
			"dev": true,
			"license": "MIT",
			"optional": true,
			"os": [
				"darwin"
			],
			"engines": {
				"node": ">=18"
			}
		},
		"node_modules/@inquirer/confirm": {
			"version": "5.1.14",
			"dev": true,
			"license": "MIT",
			"dependencies": {
				"@inquirer/core": "^10.1.15",
				"@inquirer/type": "^3.0.8"
			},
			"engines": {
				"node": ">=18"
			},
			"peerDependencies": {
				"@types/node": ">=18"
			},
			"peerDependenciesMeta": {
				"@types/node": {
					"optional": true
				}
			}
		},
		"node_modules/@inquirer/core": {
			"version": "10.1.15",
			"dev": true,
			"license": "MIT",
			"dependencies": {
				"@inquirer/figures": "^1.0.13",
				"@inquirer/type": "^3.0.8",
				"ansi-escapes": "^4.3.2",
				"cli-width": "^4.1.0",
				"mute-stream": "^2.0.0",
				"signal-exit": "^4.1.0",
				"wrap-ansi": "^6.2.0",
				"yoctocolors-cjs": "^2.1.2"
			},
			"engines": {
				"node": ">=18"
			},
			"peerDependencies": {
				"@types/node": ">=18"
			},
			"peerDependenciesMeta": {
				"@types/node": {
					"optional": true
				}
			}
		},
		"node_modules/@inquirer/figures": {
			"version": "1.0.13",
			"dev": true,
			"license": "MIT",
			"engines": {
				"node": ">=18"
			}
		},
		"node_modules/@inquirer/type": {
			"version": "3.0.8",
			"dev": true,
			"license": "MIT",
			"engines": {
				"node": ">=18"
			},
			"peerDependencies": {
				"@types/node": ">=18"
			},
			"peerDependenciesMeta": {
				"@types/node": {
					"optional": true
				}
			}
		},
		"node_modules/@jridgewell/gen-mapping": {
			"version": "0.3.12",
			"dev": true,
			"license": "MIT",
			"dependencies": {
				"@jridgewell/sourcemap-codec": "^1.5.0",
				"@jridgewell/trace-mapping": "^0.3.24"
			}
		},
		"node_modules/@jridgewell/resolve-uri": {
			"version": "3.1.2",
			"dev": true,
			"license": "MIT",
			"engines": {
				"node": ">=6.0.0"
			}
		},
		"node_modules/@jridgewell/sourcemap-codec": {
			"version": "1.5.4",
			"dev": true,
			"license": "MIT"
		},
		"node_modules/@jridgewell/trace-mapping": {
			"version": "0.3.29",
			"dev": true,
			"license": "MIT",
			"dependencies": {
				"@jridgewell/resolve-uri": "^3.1.0",
				"@jridgewell/sourcemap-codec": "^1.4.14"
			}
		},
		"node_modules/@mswjs/interceptors": {
			"version": "0.39.5",
			"dev": true,
			"license": "MIT",
			"dependencies": {
				"@open-draft/deferred-promise": "^2.2.0",
				"@open-draft/logger": "^0.3.0",
				"@open-draft/until": "^2.0.0",
				"is-node-process": "^1.2.0",
				"outvariant": "^1.4.3",
				"strict-event-emitter": "^0.5.1"
			},
			"engines": {
				"node": ">=18"
			}
		},
		"node_modules/@open-draft/deferred-promise": {
			"version": "2.2.0",
			"dev": true,
			"license": "MIT"
		},
		"node_modules/@open-draft/logger": {
			"version": "0.3.0",
			"dev": true,
			"license": "MIT",
			"dependencies": {
				"is-node-process": "^1.2.0",
				"outvariant": "^1.4.0"
			}
		},
		"node_modules/@open-draft/until": {
			"version": "2.1.0",
			"dev": true,
			"license": "MIT"
		},
		"node_modules/@polka/url": {
			"version": "1.0.0-next.29",
			"dev": true,
			"license": "MIT"
		},
		"node_modules/@rollup/rollup-darwin-arm64": {
			"version": "4.46.2",
			"cpu": [
				"arm64"
			],
			"dev": true,
			"license": "MIT",
			"optional": true,
			"os": [
				"darwin"
			]
		},
		"node_modules/@standard-schema/spec": {
			"version": "1.0.0",
			"dev": true,
			"license": "MIT"
		},
		"node_modules/@sveltejs/acorn-typescript": {
			"version": "1.0.5",
			"dev": true,
			"license": "MIT",
			"peerDependencies": {
				"acorn": "^8.9.0"
			}
		},
		"node_modules/@sveltejs/adapter-auto": {
			"version": "6.0.2",
			"dev": true,
			"license": "MIT",
			"peerDependencies": {
				"@sveltejs/kit": "^2.0.0"
			}
		},
		"node_modules/@sveltejs/kit": {
			"version": "2.27.3",
			"dev": true,
			"license": "MIT",
			"dependencies": {
				"@standard-schema/spec": "^1.0.0",
				"@sveltejs/acorn-typescript": "^1.0.5",
				"@types/cookie": "^0.6.0",
				"acorn": "^8.14.1",
				"cookie": "^0.6.0",
				"devalue": "^5.1.0",
				"esm-env": "^1.2.2",
				"kleur": "^4.1.5",
				"magic-string": "^0.30.5",
				"mrmime": "^2.0.0",
				"sade": "^1.8.1",
				"set-cookie-parser": "^2.6.0",
				"sirv": "^3.0.0"
			},
			"bin": {
				"svelte-kit": "svelte-kit.js"
			},
			"engines": {
				"node": ">=18.13"
			},
			"peerDependencies": {
				"@sveltejs/vite-plugin-svelte": "^3.0.0 || ^4.0.0-next.1 || ^5.0.0 || ^6.0.0-next.0",
				"svelte": "^4.0.0 || ^5.0.0-next.0",
				"vite": "^5.0.3 || ^6.0.0 || ^7.0.0-beta.0"
			}
		},
		"node_modules/@sveltejs/vite-plugin-svelte": {
			"version": "6.1.1",
			"dev": true,
			"license": "MIT",
			"dependencies": {
				"@sveltejs/vite-plugin-svelte-inspector": "^5.0.0",
				"debug": "^4.4.1",
				"deepmerge": "^4.3.1",
				"kleur": "^4.1.5",
				"magic-string": "^0.30.17",
				"vitefu": "^1.1.1"
			},
			"engines": {
				"node": "^20.19 || ^22.12 || >=24"
			},
			"peerDependencies": {
				"svelte": "^5.0.0",
				"vite": "^6.3.0 || ^7.0.0"
			}
		},
		"node_modules/@sveltejs/vite-plugin-svelte-inspector": {
			"version": "5.0.0",
			"dev": true,
			"license": "MIT",
			"dependencies": {
				"debug": "^4.4.1"
			},
			"engines": {
				"node": "^20.19 || ^22.12 || >=24"
			},
			"peerDependencies": {
				"@sveltejs/vite-plugin-svelte": "^6.0.0-next.0",
				"svelte": "^5.0.0",
				"vite": "^6.3.0 || ^7.0.0"
			}
		},
		"node_modules/@testing-library/dom": {
			"version": "10.4.1",
			"dev": true,
			"license": "MIT",
			"dependencies": {
				"@babel/code-frame": "^7.10.4",
				"@babel/runtime": "^7.12.5",
				"@types/aria-query": "^5.0.1",
				"aria-query": "5.3.0",
				"dom-accessibility-api": "^0.5.9",
				"lz-string": "^1.5.0",
				"picocolors": "1.1.1",
				"pretty-format": "^27.0.2"
			},
			"engines": {
				"node": ">=18"
			}
		},
		"node_modules/@testing-library/dom/node_modules/aria-query": {
			"version": "5.3.0",
			"dev": true,
			"license": "Apache-2.0",
			"dependencies": {
				"dequal": "^2.0.3"
			}
		},
		"node_modules/@testing-library/user-event": {
			"version": "14.6.1",
			"dev": true,
			"license": "MIT",
			"engines": {
				"node": ">=12",
				"npm": ">=6"
			},
			"peerDependencies": {
				"@testing-library/dom": ">=7.21.4"
			}
		},
		"node_modules/@types/aria-query": {
			"version": "5.0.4",
			"dev": true,
			"license": "MIT"
		},
		"node_modules/@types/cookie": {
			"version": "0.6.0",
			"dev": true,
			"license": "MIT"
		},
		"node_modules/@types/estree": {
			"version": "1.0.8",
			"dev": true,
			"license": "MIT"
		},
		"node_modules/@types/statuses": {
			"version": "2.0.6",
			"dev": true,
			"license": "MIT"
		},
		"node_modules/@types/tough-cookie": {
			"version": "4.0.5",
			"dev": true,
			"license": "MIT"
		},
		"node_modules/@vitest/browser": {
			"version": "2.1.9",
			"dev": true,
			"license": "MIT",
			"dependencies": {
				"@testing-library/dom": "^10.4.0",
				"@testing-library/user-event": "^14.5.2",
				"@vitest/mocker": "2.1.9",
				"@vitest/utils": "2.1.9",
				"magic-string": "^0.30.12",
				"msw": "^2.6.4",
				"sirv": "^3.0.0",
				"tinyrainbow": "^1.2.0",
				"ws": "^8.18.0"
			},
			"funding": {
				"url": "https://opencollective.com/vitest"
			},
			"peerDependencies": {
				"playwright": "*",
				"vitest": "2.1.9",
				"webdriverio": "*"
			},
			"peerDependenciesMeta": {
				"playwright": {
					"optional": true
				},
				"safaridriver": {
					"optional": true
				},
				"webdriverio": {
					"optional": true
				}
			}
		},
		"node_modules/@vitest/expect": {
			"version": "2.1.9",
			"dev": true,
			"license": "MIT",
			"dependencies": {
				"@vitest/spy": "2.1.9",
				"@vitest/utils": "2.1.9",
				"chai": "^5.1.2",
				"tinyrainbow": "^1.2.0"
			},
			"funding": {
				"url": "https://opencollective.com/vitest"
			}
		},
		"node_modules/@vitest/mocker": {
			"version": "2.1.9",
			"dev": true,
			"license": "MIT",
			"dependencies": {
				"@vitest/spy": "2.1.9",
				"estree-walker": "^3.0.3",
				"magic-string": "^0.30.12"
			},
			"funding": {
				"url": "https://opencollective.com/vitest"
			},
			"peerDependencies": {
				"msw": "^2.4.9",
				"vite": "^5.0.0"
			},
			"peerDependenciesMeta": {
				"msw": {
					"optional": true
				},
				"vite": {
					"optional": true
				}
			}
		},
		"node_modules/@vitest/pretty-format": {
			"version": "2.1.9",
			"dev": true,
			"license": "MIT",
			"dependencies": {
				"tinyrainbow": "^1.2.0"
			},
			"funding": {
				"url": "https://opencollective.com/vitest"
			}
		},
		"node_modules/@vitest/runner": {
			"version": "2.1.9",
			"dev": true,
			"license": "MIT",
			"dependencies": {
				"@vitest/utils": "2.1.9",
				"pathe": "^1.1.2"
			},
			"funding": {
				"url": "https://opencollective.com/vitest"
			}
		},
		"node_modules/@vitest/snapshot": {
			"version": "2.1.9",
			"dev": true,
			"license": "MIT",
			"dependencies": {
				"@vitest/pretty-format": "2.1.9",
				"magic-string": "^0.30.12",
				"pathe": "^1.1.2"
			},
			"funding": {
				"url": "https://opencollective.com/vitest"
			}
		},
		"node_modules/@vitest/spy": {
			"version": "2.1.9",
			"dev": true,
			"license": "MIT",
			"dependencies": {
				"tinyspy": "^3.0.2"
			},
			"funding": {
				"url": "https://opencollective.com/vitest"
			}
		},
		"node_modules/@vitest/ui": {
			"version": "2.1.9",
			"resolved": "https://registry.npmjs.org/@vitest/ui/-/ui-2.1.9.tgz",
			"integrity": "sha512-izzd2zmnk8Nl5ECYkW27328RbQ1nKvkm6Bb5DAaz1Gk59EbLkiCMa6OLT0NoaAYTjOFS6N+SMYW1nh4/9ljPiw==",
			"dev": true,
			"license": "MIT",
			"dependencies": {
				"@vitest/utils": "2.1.9",
				"fflate": "^0.8.2",
				"flatted": "^3.3.1",
				"pathe": "^1.1.2",
				"sirv": "^3.0.0",
				"tinyglobby": "^0.2.10",
				"tinyrainbow": "^1.2.0"
			},
			"funding": {
				"url": "https://opencollective.com/vitest"
			},
			"peerDependencies": {
				"vitest": "2.1.9"
			}
		},
		"node_modules/@vitest/utils": {
			"version": "2.1.9",
			"dev": true,
			"license": "MIT",
			"dependencies": {
				"@vitest/pretty-format": "2.1.9",
				"loupe": "^3.1.2",
				"tinyrainbow": "^1.2.0"
			},
			"funding": {
				"url": "https://opencollective.com/vitest"
			}
		},
		"node_modules/acorn": {
			"version": "8.15.0",
			"dev": true,
			"license": "MIT",
			"bin": {
				"acorn": "bin/acorn"
			},
			"engines": {
				"node": ">=0.4.0"
			}
		},
		"node_modules/ansi-escapes": {
			"version": "4.3.2",
			"dev": true,
			"license": "MIT",
			"dependencies": {
				"type-fest": "^0.21.3"
			},
			"engines": {
				"node": ">=8"
			},
			"funding": {
				"url": "https://github.com/sponsors/sindresorhus"
			}
		},
		"node_modules/ansi-escapes/node_modules/type-fest": {
			"version": "0.21.3",
			"dev": true,
			"license": "(MIT OR CC0-1.0)",
			"engines": {
				"node": ">=10"
			},
			"funding": {
				"url": "https://github.com/sponsors/sindresorhus"
			}
		},
		"node_modules/ansi-regex": {
			"version": "5.0.1",
			"dev": true,
			"license": "MIT",
			"engines": {
				"node": ">=8"
			}
		},
		"node_modules/ansi-styles": {
			"version": "5.2.0",
			"dev": true,
			"license": "MIT",
			"engines": {
				"node": ">=10"
			},
			"funding": {
				"url": "https://github.com/chalk/ansi-styles?sponsor=1"
			}
		},
		"node_modules/aria-query": {
			"version": "5.3.2",
			"dev": true,
			"license": "Apache-2.0",
			"engines": {
				"node": ">= 0.4"
			}
		},
		"node_modules/assertion-error": {
			"version": "2.0.1",
			"dev": true,
			"license": "MIT",
			"engines": {
				"node": ">=12"
			}
		},
		"node_modules/axobject-query": {
			"version": "4.1.0",
			"dev": true,
			"license": "Apache-2.0",
			"engines": {
				"node": ">= 0.4"
			}
		},
		"node_modules/cac": {
			"version": "6.7.14",
			"dev": true,
			"license": "MIT",
			"engines": {
				"node": ">=8"
			}
		},
		"node_modules/chai": {
			"version": "5.2.1",
			"dev": true,
			"license": "MIT",
			"dependencies": {
				"assertion-error": "^2.0.1",
				"check-error": "^2.1.1",
				"deep-eql": "^5.0.1",
				"loupe": "^3.1.0",
				"pathval": "^2.0.0"
			},
			"engines": {
				"node": ">=18"
			}
		},
		"node_modules/check-error": {
			"version": "2.1.1",
			"dev": true,
			"license": "MIT",
			"engines": {
				"node": ">= 16"
			}
		},
		"node_modules/chokidar": {
			"version": "4.0.3",
			"dev": true,
			"license": "MIT",
			"dependencies": {
				"readdirp": "^4.0.1"
			},
			"engines": {
				"node": ">= 14.16.0"
			},
			"funding": {
				"url": "https://paulmillr.com/funding/"
			}
		},
		"node_modules/cli-width": {
			"version": "4.1.0",
			"dev": true,
			"license": "ISC",
			"engines": {
				"node": ">= 12"
			}
		},
		"node_modules/cliui": {
			"version": "8.0.1",
			"dev": true,
			"license": "ISC",
			"dependencies": {
				"string-width": "^4.2.0",
				"strip-ansi": "^6.0.1",
				"wrap-ansi": "^7.0.0"
			},
			"engines": {
				"node": ">=12"
			}
		},
		"node_modules/cliui/node_modules/wrap-ansi": {
			"version": "7.0.0",
			"dev": true,
			"license": "MIT",
			"dependencies": {
				"ansi-styles": "^4.0.0",
				"string-width": "^4.1.0",
				"strip-ansi": "^6.0.0"
			},
			"engines": {
				"node": ">=10"
			},
			"funding": {
				"url": "https://github.com/chalk/wrap-ansi?sponsor=1"
			}
		},
		"node_modules/cliui/node_modules/wrap-ansi/node_modules/ansi-styles": {
			"version": "4.3.0",
			"dev": true,
			"license": "MIT",
			"dependencies": {
				"color-convert": "^2.0.1"
			},
			"engines": {
				"node": ">=8"
			},
			"funding": {
				"url": "https://github.com/chalk/ansi-styles?sponsor=1"
			}
		},
		"node_modules/clsx": {
			"version": "2.1.1",
			"dev": true,
			"license": "MIT",
			"engines": {
				"node": ">=6"
			}
		},
		"node_modules/color-convert": {
			"version": "2.0.1",
			"dev": true,
			"license": "MIT",
			"dependencies": {
				"color-name": "~1.1.4"
			},
			"engines": {
				"node": ">=7.0.0"
			}
		},
		"node_modules/color-name": {
			"version": "1.1.4",
			"dev": true,
			"license": "MIT"
		},
		"node_modules/cookie": {
			"version": "0.6.0",
			"dev": true,
			"license": "MIT",
			"engines": {
				"node": ">= 0.6"
			}
		},
		"node_modules/debug": {
			"version": "4.4.1",
			"dev": true,
			"license": "MIT",
			"dependencies": {
				"ms": "^2.1.3"
			},
			"engines": {
				"node": ">=6.0"
			},
			"peerDependenciesMeta": {
				"supports-color": {
					"optional": true
				}
			}
		},
		"node_modules/deep-eql": {
			"version": "5.0.2",
			"dev": true,
			"license": "MIT",
			"engines": {
				"node": ">=6"
			}
		},
		"node_modules/deepmerge": {
			"version": "4.3.1",
			"dev": true,
			"license": "MIT",
			"engines": {
				"node": ">=0.10.0"
			}
		},
		"node_modules/dequal": {
			"version": "2.0.3",
			"dev": true,
			"license": "MIT",
			"engines": {
				"node": ">=6"
			}
		},
		"node_modules/devalue": {
			"version": "5.1.1",
			"dev": true,
			"license": "MIT"
		},
		"node_modules/dom-accessibility-api": {
			"version": "0.5.16",
			"dev": true,
			"license": "MIT"
		},
		"node_modules/emoji-regex": {
			"version": "8.0.0",
			"dev": true,
			"license": "MIT"
		},
		"node_modules/es-module-lexer": {
			"version": "1.7.0",
			"dev": true,
			"license": "MIT"
		},
		"node_modules/esbuild": {
			"version": "0.25.8",
			"dev": true,
			"hasInstallScript": true,
			"license": "MIT",
			"bin": {
				"esbuild": "bin/esbuild"
			},
			"engines": {
				"node": ">=18"
			},
			"optionalDependencies": {
				"@esbuild/aix-ppc64": "0.25.8",
				"@esbuild/android-arm": "0.25.8",
				"@esbuild/android-arm64": "0.25.8",
				"@esbuild/android-x64": "0.25.8",
				"@esbuild/darwin-arm64": "0.25.8",
				"@esbuild/darwin-x64": "0.25.8",
				"@esbuild/freebsd-arm64": "0.25.8",
				"@esbuild/freebsd-x64": "0.25.8",
				"@esbuild/linux-arm": "0.25.8",
				"@esbuild/linux-arm64": "0.25.8",
				"@esbuild/linux-ia32": "0.25.8",
				"@esbuild/linux-loong64": "0.25.8",
				"@esbuild/linux-mips64el": "0.25.8",
				"@esbuild/linux-ppc64": "0.25.8",
				"@esbuild/linux-riscv64": "0.25.8",
				"@esbuild/linux-s390x": "0.25.8",
				"@esbuild/linux-x64": "0.25.8",
				"@esbuild/netbsd-arm64": "0.25.8",
				"@esbuild/netbsd-x64": "0.25.8",
				"@esbuild/openbsd-arm64": "0.25.8",
				"@esbuild/openbsd-x64": "0.25.8",
				"@esbuild/openharmony-arm64": "0.25.8",
				"@esbuild/sunos-x64": "0.25.8",
				"@esbuild/win32-arm64": "0.25.8",
				"@esbuild/win32-ia32": "0.25.8",
				"@esbuild/win32-x64": "0.25.8"
			}
		},
		"node_modules/escalade": {
			"version": "3.2.0",
			"dev": true,
			"license": "MIT",
			"engines": {
				"node": ">=6"
			}
		},
		"node_modules/esm-env": {
			"version": "1.2.2",
			"dev": true,
			"license": "MIT"
		},
		"node_modules/esrap": {
			"version": "2.1.0",
			"dev": true,
			"license": "MIT",
			"dependencies": {
				"@jridgewell/sourcemap-codec": "^1.4.15"
			}
		},
		"node_modules/estree-walker": {
			"version": "3.0.3",
			"dev": true,
			"license": "MIT",
			"dependencies": {
				"@types/estree": "^1.0.0"
			}
		},
		"node_modules/expect-type": {
			"version": "1.2.2",
			"dev": true,
			"license": "Apache-2.0",
			"engines": {
				"node": ">=12.0.0"
			}
		},
		"node_modules/fdir": {
			"version": "6.4.6",
			"dev": true,
			"license": "MIT",
			"peerDependencies": {
				"picomatch": "^3 || ^4"
			},
			"peerDependenciesMeta": {
				"picomatch": {
					"optional": true
				}
			}
		},
		"node_modules/fflate": {
			"version": "0.8.2",
			"resolved": "https://registry.npmjs.org/fflate/-/fflate-0.8.2.tgz",
			"integrity": "sha512-cPJU47OaAoCbg0pBvzsgpTPhmhqI5eJjh/JIu8tPj5q+T7iLvW/JAYUqmE7KOB4R1ZyEhzBaIQpQpardBF5z8A==",
			"dev": true,
			"license": "MIT"
		},
		"node_modules/flatted": {
			"version": "3.3.3",
			"resolved": "https://registry.npmjs.org/flatted/-/flatted-3.3.3.tgz",
			"integrity": "sha512-GX+ysw4PBCz0PzosHDepZGANEuFCMLrnRTiEy9McGjmkCQYwRq4A/X786G/fjM/+OjsWSU1ZrY5qyARZmO/uwg==",
			"dev": true,
			"license": "ISC"
		},
		"node_modules/fsevents": {
			"version": "2.3.2",
			"dev": true,
			"license": "MIT",
			"optional": true,
			"os": [
				"darwin"
			],
			"engines": {
				"node": "^8.16.0 || ^10.6.0 || >=11.0.0"
			}
		},
		"node_modules/get-caller-file": {
			"version": "2.0.5",
			"dev": true,
			"license": "ISC",
			"engines": {
				"node": "6.* || 8.* || >= 10.*"
			}
		},
		"node_modules/graphql": {
			"version": "16.11.0",
			"dev": true,
			"license": "MIT",
			"engines": {
				"node": "^12.22.0 || ^14.16.0 || ^16.0.0 || >=17.0.0"
			}
		},
		"node_modules/headers-polyfill": {
			"version": "4.0.3",
			"dev": true,
			"license": "MIT"
		},
		"node_modules/is-fullwidth-code-point": {
			"version": "3.0.0",
			"dev": true,
			"license": "MIT",
			"engines": {
				"node": ">=8"
			}
		},
		"node_modules/is-node-process": {
			"version": "1.2.0",
			"dev": true,
			"license": "MIT"
		},
		"node_modules/is-reference": {
			"version": "3.0.3",
			"dev": true,
			"license": "MIT",
			"dependencies": {
				"@types/estree": "^1.0.6"
			}
		},
		"node_modules/js-tokens": {
			"version": "4.0.0",
			"dev": true,
			"license": "MIT"
		},
		"node_modules/kleur": {
			"version": "4.1.5",
			"dev": true,
			"license": "MIT",
			"engines": {
				"node": ">=6"
			}
		},
		"node_modules/locate-character": {
			"version": "3.0.0",
			"dev": true,
			"license": "MIT"
		},
		"node_modules/loupe": {
			"version": "3.2.0",
			"dev": true,
			"license": "MIT"
		},
		"node_modules/lz-string": {
			"version": "1.5.0",
			"dev": true,
			"license": "MIT",
			"bin": {
				"lz-string": "bin/bin.js"
			}
		},
		"node_modules/magic-string": {
			"version": "0.30.17",
			"dev": true,
			"license": "MIT",
			"dependencies": {
				"@jridgewell/sourcemap-codec": "^1.5.0"
			}
		},
		"node_modules/mri": {
			"version": "1.2.0",
			"dev": true,
			"license": "MIT",
			"engines": {
				"node": ">=4"
			}
		},
		"node_modules/mrmime": {
			"version": "2.0.1",
			"dev": true,
			"license": "MIT",
			"engines": {
				"node": ">=10"
			}
		},
		"node_modules/ms": {
			"version": "2.1.3",
			"dev": true,
			"license": "MIT"
		},
		"node_modules/msw": {
			"version": "2.10.4",
			"dev": true,
			"hasInstallScript": true,
			"license": "MIT",
			"dependencies": {
				"@bundled-es-modules/cookie": "^2.0.1",
				"@bundled-es-modules/statuses": "^1.0.1",
				"@bundled-es-modules/tough-cookie": "^0.1.6",
				"@inquirer/confirm": "^5.0.0",
				"@mswjs/interceptors": "^0.39.1",
				"@open-draft/deferred-promise": "^2.2.0",
				"@open-draft/until": "^2.1.0",
				"@types/cookie": "^0.6.0",
				"@types/statuses": "^2.0.4",
				"graphql": "^16.8.1",
				"headers-polyfill": "^4.0.2",
				"is-node-process": "^1.2.0",
				"outvariant": "^1.4.3",
				"path-to-regexp": "^6.3.0",
				"picocolors": "^1.1.1",
				"strict-event-emitter": "^0.5.1",
				"type-fest": "^4.26.1",
				"yargs": "^17.7.2"
			},
			"bin": {
				"msw": "cli/index.js"
			},
			"engines": {
				"node": ">=18"
			},
			"funding": {
				"url": "https://github.com/sponsors/mswjs"
			},
			"peerDependencies": {
				"typescript": ">= 4.8.x"
			},
			"peerDependenciesMeta": {
				"typescript": {
					"optional": true
				}
			}
		},
		"node_modules/mute-stream": {
			"version": "2.0.0",
			"dev": true,
			"license": "ISC",
			"engines": {
				"node": "^18.17.0 || >=20.5.0"
			}
		},
		"node_modules/nanoid": {
			"version": "3.3.11",
			"dev": true,
			"funding": [
				{
					"type": "github",
					"url": "https://github.com/sponsors/ai"
				}
			],
			"license": "MIT",
			"bin": {
				"nanoid": "bin/nanoid.cjs"
			},
			"engines": {
				"node": "^10 || ^12 || ^13.7 || ^14 || >=15.0.1"
			}
		},
		"node_modules/outvariant": {
			"version": "1.4.3",
			"dev": true,
			"license": "MIT"
		},
		"node_modules/path-to-regexp": {
			"version": "6.3.0",
			"dev": true,
			"license": "MIT"
		},
		"node_modules/pathe": {
			"version": "1.1.2",
			"dev": true,
			"license": "MIT"
		},
		"node_modules/pathval": {
			"version": "2.0.1",
			"dev": true,
			"license": "MIT",
			"engines": {
				"node": ">= 14.16"
			}
		},
		"node_modules/picocolors": {
			"version": "1.1.1",
			"dev": true,
			"license": "ISC"
		},
		"node_modules/picomatch": {
			"version": "4.0.3",
			"dev": true,
			"license": "MIT",
			"engines": {
				"node": ">=12"
			},
			"funding": {
				"url": "https://github.com/sponsors/jonschlinkert"
			}
		},
		"node_modules/playwright": {
			"version": "1.54.2",
			"dev": true,
			"license": "Apache-2.0",
			"dependencies": {
				"playwright-core": "1.54.2"
			},
			"bin": {
				"playwright": "cli.js"
			},
			"engines": {
				"node": ">=18"
			},
			"optionalDependencies": {
				"fsevents": "2.3.2"
			}
		},
		"node_modules/playwright-core": {
			"version": "1.54.2",
			"dev": true,
			"license": "Apache-2.0",
			"bin": {
				"playwright-core": "cli.js"
			},
			"engines": {
				"node": ">=18"
			}
		},
		"node_modules/postcss": {
			"version": "8.5.6",
			"dev": true,
			"funding": [
				{
					"type": "opencollective",
					"url": "https://opencollective.com/postcss/"
				},
				{
					"type": "tidelift",
					"url": "https://tidelift.com/funding/github/npm/postcss"
				},
				{
					"type": "github",
					"url": "https://github.com/sponsors/ai"
				}
			],
			"license": "MIT",
			"dependencies": {
				"nanoid": "^3.3.11",
				"picocolors": "^1.1.1",
				"source-map-js": "^1.2.1"
			},
			"engines": {
				"node": "^10 || ^12 || >=14"
			}
		},
		"node_modules/pretty-format": {
			"version": "27.5.1",
			"dev": true,
			"license": "MIT",
			"dependencies": {
				"ansi-regex": "^5.0.1",
				"ansi-styles": "^5.0.0",
				"react-is": "^17.0.1"
			},
			"engines": {
				"node": "^10.13.0 || ^12.13.0 || ^14.15.0 || >=15.0.0"
			}
		},
		"node_modules/psl": {
			"version": "1.15.0",
			"dev": true,
			"license": "MIT",
			"dependencies": {
				"punycode": "^2.3.1"
			},
			"funding": {
				"url": "https://github.com/sponsors/lupomontero"
			}
		},
		"node_modules/punycode": {
			"version": "2.3.1",
			"dev": true,
			"license": "MIT",
			"engines": {
				"node": ">=6"
			}
		},
		"node_modules/querystringify": {
			"version": "2.2.0",
			"dev": true,
			"license": "MIT"
		},
		"node_modules/react-is": {
			"version": "17.0.2",
			"dev": true,
			"license": "MIT"
		},
		"node_modules/readdirp": {
			"version": "4.1.2",
			"dev": true,
			"license": "MIT",
			"engines": {
				"node": ">= 14.18.0"
			},
			"funding": {
				"type": "individual",
				"url": "https://paulmillr.com/funding/"
			}
		},
		"node_modules/require-directory": {
			"version": "2.1.1",
			"dev": true,
			"license": "MIT",
			"engines": {
				"node": ">=0.10.0"
			}
		},
		"node_modules/requires-port": {
			"version": "1.0.0",
			"dev": true,
			"license": "MIT"
		},
		"node_modules/rollup": {
			"version": "4.46.2",
			"dev": true,
			"license": "MIT",
			"dependencies": {
				"@types/estree": "1.0.8"
			},
			"bin": {
				"rollup": "dist/bin/rollup"
			},
			"engines": {
				"node": ">=18.0.0",
				"npm": ">=8.0.0"
			},
			"optionalDependencies": {
				"@rollup/rollup-android-arm-eabi": "4.46.2",
				"@rollup/rollup-android-arm64": "4.46.2",
				"@rollup/rollup-darwin-arm64": "4.46.2",
				"@rollup/rollup-darwin-x64": "4.46.2",
				"@rollup/rollup-freebsd-arm64": "4.46.2",
				"@rollup/rollup-freebsd-x64": "4.46.2",
				"@rollup/rollup-linux-arm-gnueabihf": "4.46.2",
				"@rollup/rollup-linux-arm-musleabihf": "4.46.2",
				"@rollup/rollup-linux-arm64-gnu": "4.46.2",
				"@rollup/rollup-linux-arm64-musl": "4.46.2",
				"@rollup/rollup-linux-loongarch64-gnu": "4.46.2",
				"@rollup/rollup-linux-ppc64-gnu": "4.46.2",
				"@rollup/rollup-linux-riscv64-gnu": "4.46.2",
				"@rollup/rollup-linux-riscv64-musl": "4.46.2",
				"@rollup/rollup-linux-s390x-gnu": "4.46.2",
				"@rollup/rollup-linux-x64-gnu": "4.46.2",
				"@rollup/rollup-linux-x64-musl": "4.46.2",
				"@rollup/rollup-win32-arm64-msvc": "4.46.2",
				"@rollup/rollup-win32-ia32-msvc": "4.46.2",
				"@rollup/rollup-win32-x64-msvc": "4.46.2",
				"fsevents": "~2.3.2"
			}
		},
		"node_modules/rollup/node_modules/fsevents": {
			"version": "2.3.3",
			"dev": true,
			"license": "MIT",
			"optional": true,
			"os": [
				"darwin"
			],
			"engines": {
				"node": "^8.16.0 || ^10.6.0 || >=11.0.0"
			}
		},
		"node_modules/sade": {
			"version": "1.8.1",
			"dev": true,
			"license": "MIT",
			"dependencies": {
				"mri": "^1.1.0"
			},
			"engines": {
				"node": ">=6"
			}
		},
		"node_modules/set-cookie-parser": {
			"version": "2.7.1",
			"dev": true,
			"license": "MIT"
		},
		"node_modules/siginfo": {
			"version": "2.0.0",
			"dev": true,
			"license": "ISC"
		},
		"node_modules/signal-exit": {
			"version": "4.1.0",
			"dev": true,
			"license": "ISC",
			"engines": {
				"node": ">=14"
			},
			"funding": {
				"url": "https://github.com/sponsors/isaacs"
			}
		},
		"node_modules/sirv": {
			"version": "3.0.1",
			"dev": true,
			"license": "MIT",
			"dependencies": {
				"@polka/url": "^1.0.0-next.24",
				"mrmime": "^2.0.0",
				"totalist": "^3.0.0"
			},
			"engines": {
				"node": ">=18"
			}
		},
		"node_modules/source-map-js": {
			"version": "1.2.1",
			"dev": true,
			"license": "BSD-3-Clause",
			"engines": {
				"node": ">=0.10.0"
			}
		},
		"node_modules/sqlite-worker": {
			"version": "0.1.0",
			"resolved": "file:../pkg/sqlite-worker-0.1.0.tgz",
			"integrity": "sha512-4unilocWaMuoFho53JOup2ttWG690ewaw6Di+OvtECouk+AD2AK1KV1ZSwETtI7EO720jYqNDhjXzjcCuUm64Q=="
		},
		"node_modules/stackback": {
			"version": "0.0.2",
			"dev": true,
			"license": "MIT"
		},
		"node_modules/statuses": {
			"version": "2.0.2",
			"dev": true,
			"license": "MIT",
			"engines": {
				"node": ">= 0.8"
			}
		},
		"node_modules/std-env": {
			"version": "3.9.0",
			"dev": true,
			"license": "MIT"
		},
		"node_modules/strict-event-emitter": {
			"version": "0.5.1",
			"dev": true,
			"license": "MIT"
		},
		"node_modules/string-width": {
			"version": "4.2.3",
			"dev": true,
			"license": "MIT",
			"dependencies": {
				"emoji-regex": "^8.0.0",
				"is-fullwidth-code-point": "^3.0.0",
				"strip-ansi": "^6.0.1"
			},
			"engines": {
				"node": ">=8"
			}
		},
		"node_modules/strip-ansi": {
			"version": "6.0.1",
			"dev": true,
			"license": "MIT",
			"dependencies": {
				"ansi-regex": "^5.0.1"
			},
			"engines": {
				"node": ">=8"
			}
		},
		"node_modules/svelte": {
			"version": "5.38.0",
			"dev": true,
			"license": "MIT",
			"dependencies": {
				"@ampproject/remapping": "^2.3.0",
				"@jridgewell/sourcemap-codec": "^1.5.0",
				"@sveltejs/acorn-typescript": "^1.0.5",
				"@types/estree": "^1.0.5",
				"acorn": "^8.12.1",
				"aria-query": "^5.3.1",
				"axobject-query": "^4.1.0",
				"clsx": "^2.1.1",
				"esm-env": "^1.2.1",
				"esrap": "^2.1.0",
				"is-reference": "^3.0.3",
				"locate-character": "^3.0.0",
				"magic-string": "^0.30.11",
				"zimmerframe": "^1.1.2"
			},
			"engines": {
				"node": ">=18"
			}
		},
		"node_modules/svelte-check": {
			"version": "4.3.1",
			"dev": true,
			"license": "MIT",
			"dependencies": {
				"@jridgewell/trace-mapping": "^0.3.25",
				"chokidar": "^4.0.1",
				"fdir": "^6.2.0",
				"picocolors": "^1.0.0",
				"sade": "^1.7.4"
			},
			"bin": {
				"svelte-check": "bin/svelte-check"
			},
			"engines": {
				"node": ">= 18.0.0"
			},
			"peerDependencies": {
				"svelte": "^4.0.0 || ^5.0.0-next.0",
				"typescript": ">=5.0.0"
			}
		},
		"node_modules/tinybench": {
			"version": "2.9.0",
			"dev": true,
			"license": "MIT"
		},
		"node_modules/tinyexec": {
			"version": "0.3.2",
			"dev": true,
			"license": "MIT"
		},
		"node_modules/tinyglobby": {
			"version": "0.2.14",
			"dev": true,
			"license": "MIT",
			"dependencies": {
				"fdir": "^6.4.4",
				"picomatch": "^4.0.2"
			},
			"engines": {
				"node": ">=12.0.0"
			},
			"funding": {
				"url": "https://github.com/sponsors/SuperchupuDev"
			}
		},
		"node_modules/tinypool": {
			"version": "1.1.1",
			"dev": true,
			"license": "MIT",
			"engines": {
				"node": "^18.0.0 || >=20.0.0"
			}
		},
		"node_modules/tinyrainbow": {
			"version": "1.2.0",
			"dev": true,
			"license": "MIT",
			"engines": {
				"node": ">=14.0.0"
			}
		},
		"node_modules/tinyspy": {
			"version": "3.0.2",
			"dev": true,
			"license": "MIT",
			"engines": {
				"node": ">=14.0.0"
			}
		},
		"node_modules/totalist": {
			"version": "3.0.1",
			"dev": true,
			"license": "MIT",
			"engines": {
				"node": ">=6"
			}
		},
		"node_modules/tough-cookie": {
			"version": "4.1.4",
			"dev": true,
			"license": "BSD-3-Clause",
			"dependencies": {
				"psl": "^1.1.33",
				"punycode": "^2.1.1",
				"universalify": "^0.2.0",
				"url-parse": "^1.5.3"
			},
			"engines": {
				"node": ">=6"
			}
		},
		"node_modules/type-fest": {
			"version": "4.41.0",
			"dev": true,
			"license": "(MIT OR CC0-1.0)",
			"engines": {
				"node": ">=16"
			},
			"funding": {
				"url": "https://github.com/sponsors/sindresorhus"
			}
		},
		"node_modules/typescript": {
			"version": "5.9.2",
			"dev": true,
			"license": "Apache-2.0",
			"bin": {
				"tsc": "bin/tsc",
				"tsserver": "bin/tsserver"
			},
			"engines": {
				"node": ">=14.17"
			}
		},
		"node_modules/universalify": {
			"version": "0.2.0",
			"dev": true,
			"license": "MIT",
			"engines": {
				"node": ">= 4.0.0"
			}
		},
		"node_modules/url-parse": {
			"version": "1.5.10",
			"dev": true,
			"license": "MIT",
			"dependencies": {
				"querystringify": "^2.1.1",
				"requires-port": "^1.0.0"
			}
		},
		"node_modules/vite": {
			"version": "7.1.1",
			"dev": true,
			"license": "MIT",
			"dependencies": {
				"esbuild": "^0.25.0",
				"fdir": "^6.4.6",
				"picomatch": "^4.0.3",
				"postcss": "^8.5.6",
				"rollup": "^4.43.0",
				"tinyglobby": "^0.2.14"
			},
			"bin": {
				"vite": "bin/vite.js"
			},
			"engines": {
				"node": "^20.19.0 || >=22.12.0"
			},
			"funding": {
				"url": "https://github.com/vitejs/vite?sponsor=1"
			},
			"optionalDependencies": {
				"fsevents": "~2.3.3"
			},
			"peerDependencies": {
				"@types/node": "^20.19.0 || >=22.12.0",
				"jiti": ">=1.21.0",
				"less": "^4.0.0",
				"lightningcss": "^1.21.0",
				"sass": "^1.70.0",
				"sass-embedded": "^1.70.0",
				"stylus": ">=0.54.8",
				"sugarss": "^5.0.0",
				"terser": "^5.16.0",
				"tsx": "^4.8.1",
				"yaml": "^2.4.2"
			},
			"peerDependenciesMeta": {
				"@types/node": {
					"optional": true
				},
				"jiti": {
					"optional": true
				},
				"less": {
					"optional": true
				},
				"lightningcss": {
					"optional": true
				},
				"sass": {
					"optional": true
				},
				"sass-embedded": {
					"optional": true
				},
				"stylus": {
					"optional": true
				},
				"sugarss": {
					"optional": true
				},
				"terser": {
					"optional": true
				},
				"tsx": {
					"optional": true
				},
				"yaml": {
					"optional": true
				}
			}
		},
		"node_modules/vite-node": {
			"version": "2.1.9",
			"dev": true,
			"license": "MIT",
			"dependencies": {
				"cac": "^6.7.14",
				"debug": "^4.3.7",
				"es-module-lexer": "^1.5.4",
				"pathe": "^1.1.2",
				"vite": "^5.0.0"
			},
			"bin": {
				"vite-node": "vite-node.mjs"
			},
			"engines": {
				"node": "^18.0.0 || >=20.0.0"
			},
			"funding": {
				"url": "https://opencollective.com/vitest"
			}
		},
		"node_modules/vite-node/node_modules/vite": {
			"version": "5.4.19",
			"dev": true,
			"license": "MIT",
			"dependencies": {
				"esbuild": "^0.21.3",
				"postcss": "^8.4.43",
				"rollup": "^4.20.0"
			},
			"bin": {
				"vite": "bin/vite.js"
			},
			"engines": {
				"node": "^18.0.0 || >=20.0.0"
			},
			"funding": {
				"url": "https://github.com/vitejs/vite?sponsor=1"
			},
			"optionalDependencies": {
				"fsevents": "~2.3.3"
			},
			"peerDependencies": {
				"@types/node": "^18.0.0 || >=20.0.0",
				"less": "*",
				"lightningcss": "^1.21.0",
				"sass": "*",
				"sass-embedded": "*",
				"stylus": "*",
				"sugarss": "*",
				"terser": "^5.4.0"
			},
			"peerDependenciesMeta": {
				"@types/node": {
					"optional": true
				},
				"less": {
					"optional": true
				},
				"lightningcss": {
					"optional": true
				},
				"sass": {
					"optional": true
				},
				"sass-embedded": {
					"optional": true
				},
				"stylus": {
					"optional": true
				},
				"sugarss": {
					"optional": true
				},
				"terser": {
					"optional": true
				}
			}
		},
		"node_modules/vite-node/node_modules/vite/node_modules/esbuild": {
			"version": "0.21.5",
			"dev": true,
			"hasInstallScript": true,
			"license": "MIT",
			"bin": {
				"esbuild": "bin/esbuild"
			},
			"engines": {
				"node": ">=12"
			},
			"optionalDependencies": {
				"@esbuild/aix-ppc64": "0.21.5",
				"@esbuild/android-arm": "0.21.5",
				"@esbuild/android-arm64": "0.21.5",
				"@esbuild/android-x64": "0.21.5",
				"@esbuild/darwin-arm64": "0.21.5",
				"@esbuild/darwin-x64": "0.21.5",
				"@esbuild/freebsd-arm64": "0.21.5",
				"@esbuild/freebsd-x64": "0.21.5",
				"@esbuild/linux-arm": "0.21.5",
				"@esbuild/linux-arm64": "0.21.5",
				"@esbuild/linux-ia32": "0.21.5",
				"@esbuild/linux-loong64": "0.21.5",
				"@esbuild/linux-mips64el": "0.21.5",
				"@esbuild/linux-ppc64": "0.21.5",
				"@esbuild/linux-riscv64": "0.21.5",
				"@esbuild/linux-s390x": "0.21.5",
				"@esbuild/linux-x64": "0.21.5",
				"@esbuild/netbsd-x64": "0.21.5",
				"@esbuild/openbsd-x64": "0.21.5",
				"@esbuild/sunos-x64": "0.21.5",
				"@esbuild/win32-arm64": "0.21.5",
				"@esbuild/win32-ia32": "0.21.5",
				"@esbuild/win32-x64": "0.21.5"
			}
		},
		"node_modules/vite-node/node_modules/vite/node_modules/esbuild/node_modules/@esbuild/darwin-arm64": {
			"version": "0.21.5",
			"cpu": [
				"arm64"
			],
			"dev": true,
			"license": "MIT",
			"optional": true,
			"os": [
				"darwin"
			],
			"engines": {
				"node": ">=12"
			}
		},
		"node_modules/vite-node/node_modules/vite/node_modules/fsevents": {
			"version": "2.3.3",
			"dev": true,
			"license": "MIT",
			"optional": true,
			"os": [
				"darwin"
			],
			"engines": {
				"node": "^8.16.0 || ^10.6.0 || >=11.0.0"
			}
		},
		"node_modules/vite/node_modules/fsevents": {
			"version": "2.3.3",
			"dev": true,
			"license": "MIT",
			"optional": true,
			"os": [
				"darwin"
			],
			"engines": {
				"node": "^8.16.0 || ^10.6.0 || >=11.0.0"
			}
		},
		"node_modules/vitefu": {
			"version": "1.1.1",
			"dev": true,
			"license": "MIT",
			"workspaces": [
				"tests/deps/*",
				"tests/projects/*",
				"tests/projects/workspace/packages/*"
			],
			"peerDependencies": {
				"vite": "^3.0.0 || ^4.0.0 || ^5.0.0 || ^6.0.0 || ^7.0.0-beta.0"
			},
			"peerDependenciesMeta": {
				"vite": {
					"optional": true
				}
			}
		},
		"node_modules/vitest": {
			"version": "2.1.9",
			"dev": true,
			"license": "MIT",
			"dependencies": {
				"@vitest/expect": "2.1.9",
				"@vitest/mocker": "2.1.9",
				"@vitest/pretty-format": "^2.1.9",
				"@vitest/runner": "2.1.9",
				"@vitest/snapshot": "2.1.9",
				"@vitest/spy": "2.1.9",
				"@vitest/utils": "2.1.9",
				"chai": "^5.1.2",
				"debug": "^4.3.7",
				"expect-type": "^1.1.0",
				"magic-string": "^0.30.12",
				"pathe": "^1.1.2",
				"std-env": "^3.8.0",
				"tinybench": "^2.9.0",
				"tinyexec": "^0.3.1",
				"tinypool": "^1.0.1",
				"tinyrainbow": "^1.2.0",
				"vite": "^5.0.0",
				"vite-node": "2.1.9",
				"why-is-node-running": "^2.3.0"
			},
			"bin": {
				"vitest": "vitest.mjs"
			},
			"engines": {
				"node": "^18.0.0 || >=20.0.0"
			},
			"funding": {
				"url": "https://opencollective.com/vitest"
			},
			"peerDependencies": {
				"@edge-runtime/vm": "*",
				"@types/node": "^18.0.0 || >=20.0.0",
				"@vitest/browser": "2.1.9",
				"@vitest/ui": "2.1.9",
				"happy-dom": "*",
				"jsdom": "*"
			},
			"peerDependenciesMeta": {
				"@edge-runtime/vm": {
					"optional": true
				},
				"@types/node": {
					"optional": true
				},
				"@vitest/browser": {
					"optional": true
				},
				"@vitest/ui": {
					"optional": true
				},
				"happy-dom": {
					"optional": true
				},
				"jsdom": {
					"optional": true
				}
			}
		},
		"node_modules/vitest/node_modules/vite": {
			"version": "5.4.19",
			"dev": true,
			"license": "MIT",
			"dependencies": {
				"esbuild": "^0.21.3",
				"postcss": "^8.4.43",
				"rollup": "^4.20.0"
			},
			"bin": {
				"vite": "bin/vite.js"
			},
			"engines": {
				"node": "^18.0.0 || >=20.0.0"
			},
			"funding": {
				"url": "https://github.com/vitejs/vite?sponsor=1"
			},
			"optionalDependencies": {
				"fsevents": "~2.3.3"
			},
			"peerDependencies": {
				"@types/node": "^18.0.0 || >=20.0.0",
				"less": "*",
				"lightningcss": "^1.21.0",
				"sass": "*",
				"sass-embedded": "*",
				"stylus": "*",
				"sugarss": "*",
				"terser": "^5.4.0"
			},
			"peerDependenciesMeta": {
				"@types/node": {
					"optional": true
				},
				"less": {
					"optional": true
				},
				"lightningcss": {
					"optional": true
				},
				"sass": {
					"optional": true
				},
				"sass-embedded": {
					"optional": true
				},
				"stylus": {
					"optional": true
				},
				"sugarss": {
					"optional": true
				},
				"terser": {
					"optional": true
				}
			}
		},
		"node_modules/vitest/node_modules/vite/node_modules/esbuild": {
			"version": "0.21.5",
			"dev": true,
			"hasInstallScript": true,
			"license": "MIT",
			"bin": {
				"esbuild": "bin/esbuild"
			},
			"engines": {
				"node": ">=12"
			},
			"optionalDependencies": {
				"@esbuild/aix-ppc64": "0.21.5",
				"@esbuild/android-arm": "0.21.5",
				"@esbuild/android-arm64": "0.21.5",
				"@esbuild/android-x64": "0.21.5",
				"@esbuild/darwin-arm64": "0.21.5",
				"@esbuild/darwin-x64": "0.21.5",
				"@esbuild/freebsd-arm64": "0.21.5",
				"@esbuild/freebsd-x64": "0.21.5",
				"@esbuild/linux-arm": "0.21.5",
				"@esbuild/linux-arm64": "0.21.5",
				"@esbuild/linux-ia32": "0.21.5",
				"@esbuild/linux-loong64": "0.21.5",
				"@esbuild/linux-mips64el": "0.21.5",
				"@esbuild/linux-ppc64": "0.21.5",
				"@esbuild/linux-riscv64": "0.21.5",
				"@esbuild/linux-s390x": "0.21.5",
				"@esbuild/linux-x64": "0.21.5",
				"@esbuild/netbsd-x64": "0.21.5",
				"@esbuild/openbsd-x64": "0.21.5",
				"@esbuild/sunos-x64": "0.21.5",
				"@esbuild/win32-arm64": "0.21.5",
				"@esbuild/win32-ia32": "0.21.5",
				"@esbuild/win32-x64": "0.21.5"
			}
		},
		"node_modules/vitest/node_modules/vite/node_modules/esbuild/node_modules/@esbuild/darwin-arm64": {
			"version": "0.21.5",
			"cpu": [
				"arm64"
			],
			"dev": true,
			"license": "MIT",
			"optional": true,
			"os": [
				"darwin"
			],
			"engines": {
				"node": ">=12"
			}
		},
		"node_modules/vitest/node_modules/vite/node_modules/fsevents": {
			"version": "2.3.3",
			"dev": true,
			"license": "MIT",
			"optional": true,
			"os": [
				"darwin"
			],
			"engines": {
				"node": "^8.16.0 || ^10.6.0 || >=11.0.0"
			}
		},
		"node_modules/why-is-node-running": {
			"version": "2.3.0",
			"dev": true,
			"license": "MIT",
			"dependencies": {
				"siginfo": "^2.0.0",
				"stackback": "0.0.2"
			},
			"bin": {
				"why-is-node-running": "cli.js"
			},
			"engines": {
				"node": ">=8"
			}
		},
		"node_modules/wrap-ansi": {
			"version": "6.2.0",
			"dev": true,
			"license": "MIT",
			"dependencies": {
				"ansi-styles": "^4.0.0",
				"string-width": "^4.1.0",
				"strip-ansi": "^6.0.0"
			},
			"engines": {
				"node": ">=8"
			}
		},
		"node_modules/wrap-ansi/node_modules/ansi-styles": {
			"version": "4.3.0",
			"dev": true,
			"license": "MIT",
			"dependencies": {
				"color-convert": "^2.0.1"
			},
			"engines": {
				"node": ">=8"
			},
			"funding": {
				"url": "https://github.com/chalk/ansi-styles?sponsor=1"
			}
		},
		"node_modules/ws": {
			"version": "8.18.3",
			"dev": true,
			"license": "MIT",
			"engines": {
				"node": ">=10.0.0"
			},
			"peerDependencies": {
				"bufferutil": "^4.0.1",
				"utf-8-validate": ">=5.0.2"
			},
			"peerDependenciesMeta": {
				"bufferutil": {
					"optional": true
				},
				"utf-8-validate": {
					"optional": true
				}
			}
		},
		"node_modules/y18n": {
			"version": "5.0.8",
			"dev": true,
			"license": "ISC",
			"engines": {
				"node": ">=10"
			}
		},
		"node_modules/yargs": {
			"version": "17.7.2",
			"dev": true,
			"license": "MIT",
			"dependencies": {
				"cliui": "^8.0.1",
				"escalade": "^3.1.1",
				"get-caller-file": "^2.0.5",
				"require-directory": "^2.1.1",
				"string-width": "^4.2.3",
				"y18n": "^5.0.5",
				"yargs-parser": "^21.1.1"
			},
			"engines": {
				"node": ">=12"
			}
		},
		"node_modules/yargs-parser": {
			"version": "21.1.1",
			"dev": true,
			"license": "ISC",
			"engines": {
				"node": ">=12"
			}
		},
		"node_modules/yoctocolors-cjs": {
			"version": "2.1.2",
			"dev": true,
			"license": "MIT",
			"engines": {
				"node": ">=18"
			},
			"funding": {
				"url": "https://github.com/sponsors/sindresorhus"
			}
		},
		"node_modules/zimmerframe": {
			"version": "1.1.2",
			"dev": true,
			"license": "MIT"
		}
	}
}
